dependencies:
- name: dashboard
  repository: file://../common/dashboard
  version: 0-latest
- name: tgi
  repository: file://../common/tgi
  version: 0-latest
- name: guardrails-usvc
  repository: file://../common/guardrails-usvc
  version: 0-latest
- name: tgi
  repository: file://../common/tgi
  version: 0-latest
- name: vllm
  repository: file://../common/vllm
  version: 0-latest
- name: ipexllm
  repository: file://../common/ipexllm
  version: 0-latest
- name: llm-uservice
  repository: file://../common/llm-uservice
  version: 0-latest
- name: tei
  repository: file://../common/tei
  version: 0-latest
- name: embedding-usvc
  repository: file://../common/embedding-usvc
  version: 0-latest
- name: teirerank
  repository: file://../common/teirerank
  version: 0-latest
- name: reranking-usvc
  repository: file://../common/reranking-usvc
  version: 0-latest
- name: redis-vector-db
  repository: file://../common/redis-vector-db
  version: 0-latest
- name: retriever-usvc
  repository: file://../common/retriever-usvc
  version: 0-latest
- name: data-prep
  repository: file://../common/data-prep
  version: 0-latest
- name: ui
  repository: file://../common/ui
  version: 0-latest
- name: nginx
  repository: file://../common/nginx
  version: 0-latest
digest: sha256:5c436a27d9d6e880550ba9aef2aa21509c72f2f56742c83cf8a6ad2a084c35f2
generated: "2025-03-26T01:08:39.923632091Z"
